
Microsoft Visual Studio Solution File, Format Version 12.00
# Visual Studio Version 17
VisualStudioVersion = 17.0.31903.59
MinimumVisualStudioVersion = 10.0.40219.1
Project("{9A19103F-16F7-4668-BE54-9A1E7A4F7556}") = "Fina.Api", "Fina.Api\Fina.Api.csproj", "{570764BD-2E04-4ABF-93C3-81DA45689580}"
EndProject
Project("{9A19103F-16F7-4668-BE54-9A1E7A4F7556}") = "Fina.Core", "Fina.Core\Fina.Core.csproj", "{94890112-7D57-4C14-96A5-72C136683955}"
EndProject
Project("{9A19103F-16F7-4668-BE54-9A1E7A4F7556}") = "Fina.Web", "Fina.Web\Fina.Web.csproj", "{EA245F50-716E-4576-872C-BFEB0F91930A}"
EndProject
Global
	GlobalSection(SolutionConfigurationPlatforms) = preSolution
		Debug|Any CPU = Debug|Any CPU
		Release|Any CPU = Release|Any CPU
	EndGlobalSection
	GlobalSection(ProjectConfigurationPlatforms) = postSolution
		{570764BD-2E04-4ABF-93C3-81DA45689580}.Debug|Any CPU.ActiveCfg = Debug|Any CPU
		{570764BD-2E04-4ABF-93C3-81DA45689580}.Debug|Any CPU.Build.0 = Debug|Any CPU
		{570764BD-2E04-4ABF-93C3-81DA45689580}.Release|Any CPU.ActiveCfg = Release|Any CPU
		{570764BD-2E04-4ABF-93C3-81DA45689580}.Release|Any CPU.Build.0 = Release|Any CPU
		{94890112-7D57-4C14-96A5-72C136683955}.Debug|Any CPU.ActiveCfg = Debug|Any CPU
		{94890112-7D57-4C14-96A5-72C136683955}.Debug|Any CPU.Build.0 = Debug|Any CPU
		{94890112-7D57-4C14-96A5-72C136683955}.Release|Any CPU.ActiveCfg = Release|Any CPU
		{94890112-7D57-4C14-96A5-72C136683955}.Release|Any CPU.Build.0 = Release|Any CPU
		{EA245F50-716E-4576-872C-BFEB0F91930A}.Debug|Any CPU.ActiveCfg = Debug|Any CPU
		{EA245F50-716E-4576-872C-BFEB0F91930A}.Debug|Any CPU.Build.0 = Debug|Any CPU
		{EA245F50-716E-4576-872C-BFEB0F91930A}.Release|Any CPU.ActiveCfg = Release|Any CPU
		{EA245F50-716E-4576-872C-BFEB0F91930A}.Release|Any CPU.Build.0 = Release|Any CPU
	EndGlobalSection
	GlobalSection(SolutionProperties) = preSolution
		HideSolutionNode = FALSE
	EndGlobalSection
	GlobalSection(ExtensibilityGlobals) = postSolution
		SolutionGuid = {F75BB9B7-FFD8-4CFA-BA23-C320CF7F17CF}
	EndGlobalSection
EndGlobal
